
Microsoft Visual Studio Solution File, Format Version 12.00
# Visual Studio Version 16
VisualStudioVersion = 16.0.32126.315
MinimumVisualStudioVersion = 10.0.40219.1
Project("{9A19103F-16F7-4668-BE54-9A1E7A4F7556}") = "Integrtals", "Integrtals.csproj", "{8154F43A-7135-4698-902E-8359B94682F8}"
EndProject
Project("{FAE04EC0-301F-11D3-BF4B-00C04F79EFBC}") = "Integrals.Tests", "..\Integrals.Tests\Integrals.Tests.csproj", "{2FA42023-8B83-419C-8E33-4BA360285DD1}"
EndProject
Global
	GlobalSection(SolutionConfigurationPlatforms) = preSolution
		Debug|Any CPU = Debug|Any CPU
		Release|Any CPU = Release|Any CPU
	EndGlobalSection
	GlobalSection(ProjectConfigurationPlatforms) = postSolution
		{8154F43A-7135-4698-902E-8359B94682F8}.Debug|Any CPU.ActiveCfg = Debug|Any CPU
		{8154F43A-7135-4698-902E-8359B94682F8}.Debug|Any CPU.Build.0 = Debug|Any CPU
		{8154F43A-7135-4698-902E-8359B94682F8}.Release|Any CPU.ActiveCfg = Release|Any CPU
		{8154F43A-7135-4698-902E-8359B94682F8}.Release|Any CPU.Build.0 = Release|Any CPU
		{2FA42023-8B83-419C-8E33-4BA360285DD1}.Debug|Any CPU.ActiveCfg = Debug|Any CPU
		{2FA42023-8B83-419C-8E33-4BA360285DD1}.Debug|Any CPU.Build.0 = Debug|Any CPU
		{2FA42023-8B83-419C-8E33-4BA360285DD1}.Release|Any CPU.ActiveCfg = Release|Any CPU
		{2FA42023-8B83-419C-8E33-4BA360285DD1}.Release|Any CPU.Build.0 = Release|Any CPU
	EndGlobalSection
	GlobalSection(SolutionProperties) = preSolution
		HideSolutionNode = FALSE
	EndGlobalSection
	GlobalSection(ExtensibilityGlobals) = postSolution
		SolutionGuid = {63232D34-4C81-4A6D-96AC-987244B678AD}
	EndGlobalSection
EndGlobal
